
Microsoft Visual Studio Solution File, Format Version 12.00
# Visual Studio Version 17
VisualStudioVersion = 17.5.002.0
MinimumVisualStudioVersion = 10.0.40219.1
Project("{9A19103F-16F7-4668-BE54-9A1E7A4F7556}") = "rig-controller", "rig-controller.csproj", "{56FFDEFF-5CA8-4B50-8733-7CC32899A2E0}"
EndProject
Global
	GlobalSection(SolutionConfigurationPlatforms) = preSolution
		Debug|Any CPU = Debug|Any CPU
		Release|Any CPU = Release|Any CPU
	EndGlobalSection
	GlobalSection(ProjectConfigurationPlatforms) = postSolution
		{56FFDEFF-5CA8-4B50-8733-7CC32899A2E0}.Debug|Any CPU.ActiveCfg = Debug|Any CPU
		{56FFDEFF-5CA8-4B50-8733-7CC32899A2E0}.Debug|Any CPU.Build.0 = Debug|Any CPU
		{56FFDEFF-5CA8-4B50-8733-7CC32899A2E0}.Release|Any CPU.ActiveCfg = Release|Any CPU
		{56FFDEFF-5CA8-4B50-8733-7CC32899A2E0}.Release|Any CPU.Build.0 = Release|Any CPU
	EndGlobalSection
	GlobalSection(SolutionProperties) = preSolution
		HideSolutionNode = FALSE
	EndGlobalSection
	GlobalSection(ExtensibilityGlobals) = postSolution
		SolutionGuid = {F1E7B43E-0874-4335-98A7-6411AD2A3DDF}
	EndGlobalSection
EndGlobal
