
Microsoft Visual Studio Solution File, Format Version 12.00
# Visual Studio Version 17
VisualStudioVersion = 17.0.32014.148
MinimumVisualStudioVersion = 10.0.40219.1
Project("{FAE04EC0-301F-11D3-BF4B-00C04F79EFBC}") = "rig-controller", "rig-controller\rig-controller.csproj", "{8B51B562-FB8D-4CE2-B268-70951955C1C2}"
EndProject
Global
	GlobalSection(SolutionConfigurationPlatforms) = preSolution
		Debug|Any CPU = Debug|Any CPU
		Release|Any CPU = Release|Any CPU
	EndGlobalSection
	GlobalSection(ProjectConfigurationPlatforms) = postSolution
		{8B51B562-FB8D-4CE2-B268-70951955C1C2}.Debug|Any CPU.ActiveCfg = Debug|Any CPU
		{8B51B562-FB8D-4CE2-B268-70951955C1C2}.Debug|Any CPU.Build.0 = Debug|Any CPU
		{8B51B562-FB8D-4CE2-B268-70951955C1C2}.Release|Any CPU.ActiveCfg = Release|Any CPU
		{8B51B562-FB8D-4CE2-B268-70951955C1C2}.Release|Any CPU.Build.0 = Release|Any CPU
	EndGlobalSection
	GlobalSection(SolutionProperties) = preSolution
		HideSolutionNode = FALSE
	EndGlobalSection
	GlobalSection(ExtensibilityGlobals) = postSolution
		SolutionGuid = {1853411B-79E5-47B7-B03C-AB6346984ADC}
	EndGlobalSection
EndGlobal
