
Microsoft Visual Studio Solution File, Format Version 12.00
# Visual Studio Version 17
VisualStudioVersion = 17.0.32014.148
MinimumVisualStudioVersion = 10.0.40219.1
Project("{FAE04EC0-301F-11D3-BF4B-00C04F79EFBC}") = "eng-test", "eng-test\eng-test.csproj", "{C54D02FE-378E-4E4B-83F6-02CC581966A5}"
EndProject
Project("{9A19103F-16F7-4668-BE54-9A1E7A4F7556}") = "rig-controller", "..\rig-controller\rig-controller\rig-controller.csproj", "{C2B89185-E782-4DFC-885F-50C175E55F01}"
EndProject
Global
	GlobalSection(SolutionConfigurationPlatforms) = preSolution
		Debug|Any CPU = Debug|Any CPU
		Release|Any CPU = Release|Any CPU
	EndGlobalSection
	GlobalSection(ProjectConfigurationPlatforms) = postSolution
		{C54D02FE-378E-4E4B-83F6-02CC581966A5}.Debug|Any CPU.ActiveCfg = Debug|Any CPU
		{C54D02FE-378E-4E4B-83F6-02CC581966A5}.Debug|Any CPU.Build.0 = Debug|Any CPU
		{C54D02FE-378E-4E4B-83F6-02CC581966A5}.Release|Any CPU.ActiveCfg = Release|Any CPU
		{C54D02FE-378E-4E4B-83F6-02CC581966A5}.Release|Any CPU.Build.0 = Release|Any CPU
		{C2B89185-E782-4DFC-885F-50C175E55F01}.Debug|Any CPU.ActiveCfg = Debug|Any CPU
		{C2B89185-E782-4DFC-885F-50C175E55F01}.Debug|Any CPU.Build.0 = Debug|Any CPU
		{C2B89185-E782-4DFC-885F-50C175E55F01}.Release|Any CPU.ActiveCfg = Release|Any CPU
		{C2B89185-E782-4DFC-885F-50C175E55F01}.Release|Any CPU.Build.0 = Release|Any CPU
	EndGlobalSection
	GlobalSection(SolutionProperties) = preSolution
		HideSolutionNode = FALSE
	EndGlobalSection
	GlobalSection(ExtensibilityGlobals) = postSolution
		SolutionGuid = {F4FFBC1F-14EC-475E-A431-FC6C9DBEAD12}
	EndGlobalSection
EndGlobal
